// !$*UTF8*$!
{
	archiveVersion = 1;
	classes = {
	};
	objectVersion = 48;
	objects = {

/* Begin PBXBuildFile section */
		A04ABE2F1FD580EA00FFB3A2 /* FinishGoalVC.swift in Sources */ = {isa = PBXBuildFile; fileRef = A04ABE2E1FD580EA00FFB3A2 /* FinishGoalVC.swift */; };
		A0940BD31FD5437900234BCE /* GoalType.swift in Sources */ = {isa = PBXBuildFile; fileRef = A0940BD21FD5437900234BCE /* GoalType.swift */; };
		A0940BD71FD54E2000234BCE /* CreateGoalVC.swift in Sources */ = {isa = PBXBuildFile; fileRef = A0940BD61FD54E2000234BCE /* CreateGoalVC.swift */; };
		A0940BD91FD54FC500234BCE /* UIViewControllerExt.swift in Sources */ = {isa = PBXBuildFile; fileRef = A0940BD81FD54FC500234BCE /* UIViewControllerExt.swift */; };
		A0940BDB1FD55CB100234BCE /* UIViewExt.swift in Sources */ = {isa = PBXBuildFile; fileRef = A0940BDA1FD55CB100234BCE /* UIViewExt.swift */; };
		A0940BDD1FD5644800234BCE /* UIButtonExt.swift in Sources */ = {isa = PBXBuildFile; fileRef = A0940BDC1FD5644800234BCE /* UIButtonExt.swift */; };
		A0D56E771FCFF7B000EFDA1B /* AppDelegate.swift in Sources */ = {isa = PBXBuildFile; fileRef = A0D56E761FCFF7B000EFDA1B /* AppDelegate.swift */; };
		A0D56E791FCFF7B000EFDA1B /* GoalsVC.swift in Sources */ = {isa = PBXBuildFile; fileRef = A0D56E781FCFF7B000EFDA1B /* GoalsVC.swift */; };
		A0D56E7C1FCFF7B000EFDA1B /* Main.storyboard in Resources */ = {isa = PBXBuildFile; fileRef = A0D56E7A1FCFF7B000EFDA1B /* Main.storyboard */; };
		A0D56E7F1FCFF7B000EFDA1B /* GoalPost.xcdatamodeld in Sources */ = {isa = PBXBuildFile; fileRef = A0D56E7D1FCFF7B000EFDA1B /* GoalPost.xcdatamodeld */; };
		A0D56E811FCFF7B000EFDA1B /* Assets.xcassets in Resources */ = {isa = PBXBuildFile; fileRef = A0D56E801FCFF7B000EFDA1B /* Assets.xcassets */; };
		A0D56E841FCFF7B000EFDA1B /* LaunchScreen.storyboard in Resources */ = {isa = PBXBuildFile; fileRef = A0D56E821FCFF7B000EFDA1B /* LaunchScreen.storyboard */; };
		A0D56E921FD0096300EFDA1B /* GoalCell.swift in Sources */ = {isa = PBXBuildFile; fileRef = A0D56E911FD0096300EFDA1B /* GoalCell.swift */; };
/* End PBXBuildFile section */

/* Begin PBXFileReference section */
		A04ABE2E1FD580EA00FFB3A2 /* FinishGoalVC.swift */ = {isa = PBXFileReference; lastKnownFileType = sourcecode.swift; path = FinishGoalVC.swift; sourceTree = "<group>"; };
		A0940BD21FD5437900234BCE /* GoalType.swift */ = {isa = PBXFileReference; lastKnownFileType = sourcecode.swift; path = GoalType.swift; sourceTree = "<group>"; };
		A0940BD61FD54E2000234BCE /* CreateGoalVC.swift */ = {isa = PBXFileReference; lastKnownFileType = sourcecode.swift; path = CreateGoalVC.swift; sourceTree = "<group>"; };
		A0940BD81FD54FC500234BCE /* UIViewControllerExt.swift */ = {isa = PBXFileReference; lastKnownFileType = sourcecode.swift; path = UIViewControllerExt.swift; sourceTree = "<group>"; };
		A0940BDA1FD55CB100234BCE /* UIViewExt.swift */ = {isa = PBXFileReference; lastKnownFileType = sourcecode.swift; path = UIViewExt.swift; sourceTree = "<group>"; };
		A0940BDC1FD5644800234BCE /* UIButtonExt.swift */ = {isa = PBXFileReference; lastKnownFileType = sourcecode.swift; path = UIButtonExt.swift; sourceTree = "<group>"; };
		A0D56E731FCFF7B000EFDA1B /* GoalPost.app */ = {isa = PBXFileReference; explicitFileType = wrapper.application; includeInIndex = 0; path = GoalPost.app; sourceTree = BUILT_PRODUCTS_DIR; };
		A0D56E761FCFF7B000EFDA1B /* AppDelegate.swift */ = {isa = PBXFileReference; lastKnownFileType = sourcecode.swift; path = AppDelegate.swift; sourceTree = "<group>"; };
		A0D56E781FCFF7B000EFDA1B /* GoalsVC.swift */ = {isa = PBXFileReference; lastKnownFileType = sourcecode.swift; path = GoalsVC.swift; sourceTree = "<group>"; };
		A0D56E7B1FCFF7B000EFDA1B /* Base */ = {isa = PBXFileReference; lastKnownFileType = file.storyboard; name = Base; path = Base.lproj/Main.storyboard; sourceTree = "<group>"; };
		A0D56E7E1FCFF7B000EFDA1B /* GoalPost.xcdatamodel */ = {isa = PBXFileReference; lastKnownFileType = wrapper.xcdatamodel; path = GoalPost.xcdatamodel; sourceTree = "<group>"; };
		A0D56E801FCFF7B000EFDA1B /* Assets.xcassets */ = {isa = PBXFileReference; lastKnownFileType = folder.assetcatalog; path = Assets.xcassets; sourceTree = "<group>"; };
		A0D56E831FCFF7B000EFDA1B /* Base */ = {isa = PBXFileReference; lastKnownFileType = file.storyboard; name = Base; path = Base.lproj/LaunchScreen.storyboard; sourceTree = "<group>"; };
		A0D56E851FCFF7B000EFDA1B /* Info.plist */ = {isa = PBXFileReference; lastKnownFileType = text.plist.xml; path = Info.plist; sourceTree = "<group>"; };
		A0D56E911FD0096300EFDA1B /* GoalCell.swift */ = {isa = PBXFileReference; lastKnownFileType = sourcecode.swift; path = GoalCell.swift; sourceTree = "<group>"; };
/* End PBXFileReference section */

/* Begin PBXFrameworksBuildPhase section */
		A0D56E701FCFF7B000EFDA1B /* Frameworks */ = {
			isa = PBXFrameworksBuildPhase;
			buildActionMask = 2147483647;
			files = (
			);
			runOnlyForDeploymentPostprocessing = 0;
		};
/* End PBXFrameworksBuildPhase section */

/* Begin PBXGroup section */
		A0D56E6A1FCFF7B000EFDA1B = {
			isa = PBXGroup;
			children = (
				A0D56E751FCFF7B000EFDA1B /* GoalPost */,
				A0D56E741FCFF7B000EFDA1B /* Products */,
			);
			sourceTree = "<group>";
		};
		A0D56E741FCFF7B000EFDA1B /* Products */ = {
			isa = PBXGroup;
			children = (
				A0D56E731FCFF7B000EFDA1B /* GoalPost.app */,
			);
			name = Products;
			sourceTree = "<group>";
		};
		A0D56E751FCFF7B000EFDA1B /* GoalPost */ = {
			isa = PBXGroup;
			children = (
				A0D56E901FCFFA0B00EFDA1B /* Enums */,
				A0D56E8F1FCFF9ED00EFDA1B /* Extensions */,
				A0D56E8E1FCFF9D900EFDA1B /* Utilities */,
				A0D56E8D1FCFF9D400EFDA1B /* Model */,
				A0D56E8C1FCFF9CF00EFDA1B /* View */,
				A0D56E8B1FCFF9CA00EFDA1B /* Controller */,
				A0D56E761FCFF7B000EFDA1B /* AppDelegate.swift */,
				A0D56E7A1FCFF7B000EFDA1B /* Main.storyboard */,
				A0D56E801FCFF7B000EFDA1B /* Assets.xcassets */,
				A0D56E821FCFF7B000EFDA1B /* LaunchScreen.storyboard */,
				A0D56E851FCFF7B000EFDA1B /* Info.plist */,
				A0D56E7D1FCFF7B000EFDA1B /* GoalPost.xcdatamodeld */,
			);
			path = GoalPost;
			sourceTree = "<group>";
		};
		A0D56E8B1FCFF9CA00EFDA1B /* Controller */ = {
			isa = PBXGroup;
			children = (
				A0D56E781FCFF7B000EFDA1B /* GoalsVC.swift */,
				A0940BD61FD54E2000234BCE /* CreateGoalVC.swift */,
				A04ABE2E1FD580EA00FFB3A2 /* FinishGoalVC.swift */,
			);
			path = Controller;
			sourceTree = "<group>";
		};
		A0D56E8C1FCFF9CF00EFDA1B /* View */ = {
			isa = PBXGroup;
			children = (
				A0D56E911FD0096300EFDA1B /* GoalCell.swift */,
			);
			path = View;
			sourceTree = "<group>";
		};
		A0D56E8D1FCFF9D400EFDA1B /* Model */ = {
			isa = PBXGroup;
			children = (
			);
			path = Model;
			sourceTree = "<group>";
		};
		A0D56E8E1FCFF9D900EFDA1B /* Utilities */ = {
			isa = PBXGroup;
			children = (
			);
			path = Utilities;
			sourceTree = "<group>";
		};
		A0D56E8F1FCFF9ED00EFDA1B /* Extensions */ = {
			isa = PBXGroup;
			children = (
				A0940BD81FD54FC500234BCE /* UIViewControllerExt.swift */,
				A0940BDA1FD55CB100234BCE /* UIViewExt.swift */,
				A0940BDC1FD5644800234BCE /* UIButtonExt.swift */,
			);
			path = Extensions;
			sourceTree = "<group>";
		};
		A0D56E901FCFFA0B00EFDA1B /* Enums */ = {
			isa = PBXGroup;
			children = (
				A0940BD21FD5437900234BCE /* GoalType.swift */,
			);
			path = Enums;
			sourceTree = "<group>";
		};
/* End PBXGroup section */

/* Begin PBXNativeTarget section */
		A0D56E721FCFF7B000EFDA1B /* GoalPost */ = {
			isa = PBXNativeTarget;
			buildConfigurationList = A0D56E881FCFF7B000EFDA1B /* Build configuration list for PBXNativeTarget "GoalPost" */;
			buildPhases = (
				A0D56E6F1FCFF7B000EFDA1B /* Sources */,
				A0D56E701FCFF7B000EFDA1B /* Frameworks */,
				A0D56E711FCFF7B000EFDA1B /* Resources */,
			);
			buildRules = (
			);
			dependencies = (
			);
			name = GoalPost;
			productName = GoalPost;
			productReference = A0D56E731FCFF7B000EFDA1B /* GoalPost.app */;
			productType = "com.apple.product-type.application";
		};
/* End PBXNativeTarget section */

/* Begin PBXProject section */
		A0D56E6B1FCFF7B000EFDA1B /* Project object */ = {
			isa = PBXProject;
			attributes = {
				LastSwiftUpdateCheck = 0910;
				LastUpgradeCheck = 0910;
				ORGANIZATIONNAME = "Mohamed SADAT";
				TargetAttributes = {
					A0D56E721FCFF7B000EFDA1B = {
						CreatedOnToolsVersion = 9.1;
						ProvisioningStyle = Automatic;
					};
				};
			};
			buildConfigurationList = A0D56E6E1FCFF7B000EFDA1B /* Build configuration list for PBXProject "GoalPost" */;
			compatibilityVersion = "Xcode 8.0";
			developmentRegion = en;
			hasScannedForEncodings = 0;
			knownRegions = (
				en,
				Base,
			);
			mainGroup = A0D56E6A1FCFF7B000EFDA1B;
			productRefGroup = A0D56E741FCFF7B000EFDA1B /* Products */;
			projectDirPath = "";
			projectRoot = "";
			targets = (
				A0D56E721FCFF7B000EFDA1B /* GoalPost */,
			);
		};
/* End PBXProject section */

/* Begin PBXResourcesBuildPhase section */
		A0D56E711FCFF7B000EFDA1B /* Resources */ = {
			isa = PBXResourcesBuildPhase;
			buildActionMask = 2147483647;
			files = (
				A0D56E841FCFF7B000EFDA1B /* LaunchScreen.storyboard in Resources */,
				A0D56E811FCFF7B000EFDA1B /* Assets.xcassets in Resources */,
				A0D56E7C1FCFF7B000EFDA1B /* Main.storyboard in Resources */,
			);
			runOnlyForDeploymentPostprocessing = 0;
		};
/* End PBXResourcesBuildPhase section */

/* Begin PBXSourcesBuildPhase section */
		A0D56E6F1FCFF7B000EFDA1B /* Sources */ = {
			isa = PBXSourcesBuildPhase;
			buildActionMask = 2147483647;
			files = (
				A0D56E921FD0096300EFDA1B /* GoalCell.swift in Sources */,
				A0940BD71FD54E2000234BCE /* CreateGoalVC.swift in Sources */,
				A0940BD31FD5437900234BCE /* GoalType.swift in Sources */,
				A0D56E791FCFF7B000EFDA1B /* GoalsVC.swift in Sources */,
				A0940BDB1FD55CB100234BCE /* UIViewExt.swift in Sources */,
				A0D56E771FCFF7B000EFDA1B /* AppDelegate.swift in Sources */,
				A0940BD91FD54FC500234BCE /* UIViewControllerExt.swift in Sources */,
				A0940BDD1FD5644800234BCE /* UIButtonExt.swift in Sources */,
				A04ABE2F1FD580EA00FFB3A2 /* FinishGoalVC.swift in Sources */,
				A0D56E7F1FCFF7B000EFDA1B /* GoalPost.xcdatamodeld in Sources */,
			);
			runOnlyForDeploymentPostprocessing = 0;
		};
/* End PBXSourcesBuildPhase section */

/* Begin PBXVariantGroup section */
		A0D56E7A1FCFF7B000EFDA1B /* Main.storyboard */ = {
			isa = PBXVariantGroup;
			children = (
				A0D56E7B1FCFF7B000EFDA1B /* Base */,
			);
			name = Main.storyboard;
			sourceTree = "<group>";
		};
		A0D56E821FCFF7B000EFDA1B /* LaunchScreen.storyboard */ = {
			isa = PBXVariantGroup;
			children = (
				A0D56E831FCFF7B000EFDA1B /* Base */,
			);
			name = LaunchScreen.storyboard;
			sourceTree = "<group>";
		};
/* End PBXVariantGroup section */

/* Begin XCBuildConfiguration section */
		A0D56E861FCFF7B000EFDA1B /* Debug */ = {
			isa = XCBuildConfiguration;
			buildSettings = {
				ALWAYS_SEARCH_USER_PATHS = NO;
				CLANG_ANALYZER_NONNULL = YES;
				CLANG_ANALYZER_NUMBER_OBJECT_CONVERSION = YES_AGGRESSIVE;
				CLANG_CXX_LANGUAGE_STANDARD = "gnu++14";
				CLANG_CXX_LIBRARY = "libc++";
				CLANG_ENABLE_MODULES = YES;
				CLANG_ENABLE_OBJC_ARC = YES;
				CLANG_WARN_BLOCK_CAPTURE_AUTORELEASING = YES;
				CLANG_WARN_BOOL_CONVERSION = YES;
				CLANG_WARN_COMMA = YES;
				CLANG_WARN_CONSTANT_CONVERSION = YES;
				CLANG_WARN_DIRECT_OBJC_ISA_USAGE = YES_ERROR;
				CLANG_WARN_DOCUMENTATION_COMMENTS = YES;
				CLANG_WARN_EMPTY_BODY = YES;
				CLANG_WARN_ENUM_CONVERSION = YES;
				CLANG_WARN_INFINITE_RECURSION = YES;
				CLANG_WARN_INT_CONVERSION = YES;
				CLANG_WARN_NON_LITERAL_NULL_CONVERSION = YES;
				CLANG_WARN_OBJC_LITERAL_CONVERSION = YES;
				CLANG_WARN_OBJC_ROOT_CLASS = YES_ERROR;
				CLANG_WARN_RANGE_LOOP_ANALYSIS = YES;
				CLANG_WARN_STRICT_PROTOTYPES = YES;
				CLANG_WARN_SUSPICIOUS_MOVE = YES;
				CLANG_WARN_UNGUARDED_AVAILABILITY = YES_AGGRESSIVE;
				CLANG_WARN_UNREACHABLE_CODE = YES;
				CLANG_WARN__DUPLICATE_METHOD_MATCH = YES;
				CODE_SIGN_IDENTITY = "iPhone Developer";
				COPY_PHASE_STRIP = NO;
				DEBUG_INFORMATION_FORMAT = dwarf;
				ENABLE_STRICT_OBJC_MSGSEND = YES;
				ENABLE_TESTABILITY = YES;
				GCC_C_LANGUAGE_STANDARD = gnu11;
				GCC_DYNAMIC_NO_PIC = NO;
				GCC_NO_COMMON_BLOCKS = YES;
				GCC_OPTIMIZATION_LEVEL = 0;
				GCC_PREPROCESSOR_DEFINITIONS = (
					"DEBUG=1",
					"$(inherited)",
				);
				GCC_WARN_64_TO_32_BIT_CONVERSION = YES;
				GCC_WARN_ABOUT_RETURN_TYPE = YES_ERROR;
				GCC_WARN_UNDECLARED_SELECTOR = YES;
				GCC_WARN_UNINITIALIZED_AUTOS = YES_AGGRESSIVE;
				GCC_WARN_UNUSED_FUNCTION = YES;
				GCC_WARN_UNUSED_VARIABLE = YES;
				IPHONEOS_DEPLOYMENT_TARGET = 11.1;
				MTL_ENABLE_DEBUG_INFO = YES;
				ONLY_ACTIVE_ARCH = YES;
				SDKROOT = iphoneos;
				SWIFT_ACTIVE_COMPILATION_CONDITIONS = DEBUG;
				SWIFT_OPTIMIZATION_LEVEL = "-Onone";
			};
			name = Debug;
		};
		A0D56E871FCFF7B000EFDA1B /* Release */ = {
			isa = XCBuildConfiguration;
			buildSettings = {
				ALWAYS_SEARCH_USER_PATHS = NO;
				CLANG_ANALYZER_NONNULL = YES;
				CLANG_ANALYZER_NUMBER_OBJECT_CONVERSION = YES_AGGRESSIVE;
				CLANG_CXX_LANGUAGE_STANDARD = "gnu++14";
				CLANG_CXX_LIBRARY = "libc++";
				CLANG_ENABLE_MODULES = YES;
				CLANG_ENABLE_OBJC_ARC = YES;
				CLANG_WARN_BLOCK_CAPTURE_AUTORELEASING = YES;
				CLANG_WARN_BOOL_CONVERSION = YES;
				CLANG_WARN_COMMA = YES;
				CLANG_WARN_CONSTANT_CONVERSION = YES;
				CLANG_WARN_DIRECT_OBJC_ISA_USAGE = YES_ERROR;
				CLANG_WARN_DOCUMENTATION_COMMENTS = YES;
				CLANG_WARN_EMPTY_BODY = YES;
				CLANG_WARN_ENUM_CONVERSION = YES;
				CLANG_WARN_INFINITE_RECURSION = YES;
				CLANG_WARN_INT_CONVERSION = YES;
				CLANG_WARN_NON_LITERAL_NULL_CONVERSION = YES;
				CLANG_WARN_OBJC_LITERAL_CONVERSION = YES;
				CLANG_WARN_OBJC_ROOT_CLASS = YES_ERROR;
				CLANG_WARN_RANGE_LOOP_ANALYSIS = YES;
				CLANG_WARN_STRICT_PROTOTYPES = YES;
				CLANG_WARN_SUSPICIOUS_MOVE = YES;
				CLANG_WARN_UNGUARDED_AVAILABILITY = YES_AGGRESSIVE;
				CLANG_WARN_UNREACHABLE_CODE = YES;
				CLANG_WARN__DUPLICATE_METHOD_MATCH = YES;
				CODE_SIGN_IDENTITY = "iPhone Developer";
				COPY_PHASE_STRIP = NO;
				DEBUG_INFORMATION_FORMAT = "dwarf-with-dsym";
				ENABLE_NS_ASSERTIONS = NO;
				ENABLE_STRICT_OBJC_MSGSEND = YES;
				GCC_C_LANGUAGE_STANDARD = gnu11;
				GCC_NO_COMMON_BLOCKS = YES;
				GCC_WARN_64_TO_32_BIT_CONVERSION = YES;
				GCC_WARN_ABOUT_RETURN_TYPE = YES_ERROR;
				GCC_WARN_UNDECLARED_SELECTOR = YES;
				GCC_WARN_UNINITIALIZED_AUTOS = YES_AGGRESSIVE;
				GCC_WARN_UNUSED_FUNCTION = YES;
				GCC_WARN_UNUSED_VARIABLE = YES;
				IPHONEOS_DEPLOYMENT_TARGET = 11.1;
				MTL_ENABLE_DEBUG_INFO = NO;
				SDKROOT = iphoneos;
				SWIFT_OPTIMIZATION_LEVEL = "-Owholemodule";
				VALIDATE_PRODUCT = YES;
			};
			name = Release;
		};
		A0D56E891FCFF7B000EFDA1B /* Debug */ = {
			isa = XCBuildConfiguration;
			buildSettings = {
				ASSETCATALOG_COMPILER_APPICON_NAME = AppIcon;
				CODE_SIGN_STYLE = Automatic;
				DEVELOPMENT_TEAM = JBD2W62Q7B;
				INFOPLIST_FILE = GoalPost/Info.plist;
				LD_RUNPATH_SEARCH_PATHS = "$(inherited) @executable_path/Frameworks";
				PRODUCT_BUNDLE_IDENTIFIER = com.mohsadat.GoalPost;
				PRODUCT_NAME = "$(TARGET_NAME)";
				SWIFT_VERSION = 4.0;
				TARGETED_DEVICE_FAMILY = "1,2";
			};
			name = Debug;
		};
		A0D56E8A1FCFF7B000EFDA1B /* Release */ = {
			isa = XCBuildConfiguration;
			buildSettings = {
				ASSETCATALOG_COMPILER_APPICON_NAME = AppIcon;
				CODE_SIGN_STYLE = Automatic;
				DEVELOPMENT_TEAM = JBD2W62Q7B;
				INFOPLIST_FILE = GoalPost/Info.plist;
				LD_RUNPATH_SEARCH_PATHS = "$(inherited) @executable_path/Frameworks";
				PRODUCT_BUNDLE_IDENTIFIER = com.mohsadat.GoalPost;
				PRODUCT_NAME = "$(TARGET_NAME)";
				SWIFT_VERSION = 4.0;
				TARGETED_DEVICE_FAMILY = "1,2";
			};
			name = Release;
		};
/* End XCBuildConfiguration section */

/* Begin XCConfigurationList section */
		A0D56E6E1FCFF7B000EFDA1B /* Build configuration list for PBXProject "GoalPost" */ = {
			isa = XCConfigurationList;
			buildConfigurations = (
				A0D56E861FCFF7B000EFDA1B /* Debug */,
				A0D56E871FCFF7B000EFDA1B /* Release */,
			);
			defaultConfigurationIsVisible = 0;
			defaultConfigurationName = Release;
		};
		A0D56E881FCFF7B000EFDA1B /* Build configuration list for PBXNativeTarget "GoalPost" */ = {
			isa = XCConfigurationList;
			buildConfigurations = (
				A0D56E891FCFF7B000EFDA1B /* Debug */,
				A0D56E8A1FCFF7B000EFDA1B /* Release */,
			);
			defaultConfigurationIsVisible = 0;
			defaultConfigurationName = Release;
		};
/* End XCConfigurationList section */

/* Begin XCVersionGroup section */
		A0D56E7D1FCFF7B000EFDA1B /* GoalPost.xcdatamodeld */ = {
			isa = XCVersionGroup;
			children = (
				A0D56E7E1FCFF7B000EFDA1B /* GoalPost.xcdatamodel */,
			);
			currentVersion = A0D56E7E1FCFF7B000EFDA1B /* GoalPost.xcdatamodel */;
			path = GoalPost.xcdatamodeld;
			sourceTree = "<group>";
			versionGroupType = wrapper.xcdatamodel;
		};
/* End XCVersionGroup section */
	};
	rootObject = A0D56E6B1FCFF7B000EFDA1B /* Project object */;
}
